
Microsoft Visual Studio Solution File, Format Version 11.00
# Visual Studio 2010
Project("{FAE04EC0-301F-11D3-BF4B-00C04F79EFBC}") = "VuforiaScripts", "VuforiaScripts.csproj", "{45EFF403-3343-6873-DF22-EF68DC0FABF8}"
EndProject
Project("{FAE04EC0-301F-11D3-BF4B-00C04F79EFBC}") = "Assembly-CSharp", "Assembly-CSharp.csproj", "{64420691-4042-2CC0-A0CF-A4ADF46D608D}"
EndProject
Project("{FAE04EC0-301F-11D3-BF4B-00C04F79EFBC}") = "VuforiaEditorScripts", "VuforiaEditorScripts.csproj", "{E19D971E-F8D8-43E9-96AA-E48C758041A6}"
EndProject
Global
	GlobalSection(SolutionConfigurationPlatforms) = preSolution
		Debug|Any CPU = Debug|Any CPU
		Release|Any CPU = Release|Any CPU
	EndGlobalSection
	GlobalSection(ProjectConfigurationPlatforms) = postSolution
		{45EFF403-3343-6873-DF22-EF68DC0FABF8}.Debug|Any CPU.ActiveCfg = Debug|Any CPU
		{45EFF403-3343-6873-DF22-EF68DC0FABF8}.Debug|Any CPU.Build.0 = Debug|Any CPU
		{45EFF403-3343-6873-DF22-EF68DC0FABF8}.Release|Any CPU.ActiveCfg = Release|Any CPU
		{45EFF403-3343-6873-DF22-EF68DC0FABF8}.Release|Any CPU.Build.0 = Release|Any CPU
		{64420691-4042-2CC0-A0CF-A4ADF46D608D}.Debug|Any CPU.ActiveCfg = Debug|Any CPU
		{64420691-4042-2CC0-A0CF-A4ADF46D608D}.Debug|Any CPU.Build.0 = Debug|Any CPU
		{64420691-4042-2CC0-A0CF-A4ADF46D608D}.Release|Any CPU.ActiveCfg = Release|Any CPU
		{64420691-4042-2CC0-A0CF-A4ADF46D608D}.Release|Any CPU.Build.0 = Release|Any CPU
		{E19D971E-F8D8-43E9-96AA-E48C758041A6}.Debug|Any CPU.ActiveCfg = Debug|Any CPU
		{E19D971E-F8D8-43E9-96AA-E48C758041A6}.Debug|Any CPU.Build.0 = Debug|Any CPU
		{E19D971E-F8D8-43E9-96AA-E48C758041A6}.Release|Any CPU.ActiveCfg = Release|Any CPU
		{E19D971E-F8D8-43E9-96AA-E48C758041A6}.Release|Any CPU.Build.0 = Release|Any CPU
	EndGlobalSection
	GlobalSection(SolutionProperties) = preSolution
		HideSolutionNode = FALSE
	EndGlobalSection
	GlobalSection(MonoDevelopProperties) = preSolution
		StartupItem = Assembly-CSharp.csproj
	EndGlobalSection
EndGlobal
